
Microsoft Visual Studio Solution File, Format Version 12.00
# Visual Studio 2013
VisualStudioVersion = 12.0.31101.0
MinimumVisualStudioVersion = 10.0.40219.1
Project("{FAE04EC0-301F-11D3-BF4B-00C04F79EFBC}") = "Janna", "Janna\Janna.csproj", "{EC99A4D1-7393-4D36-9AFF-14AD9A2C873F}"
EndProject
Project("{FAE04EC0-301F-11D3-BF4B-00C04F79EFBC}") = "Karma", "Karma\Karma.csproj", "{512F99F7-2C9A-4087-AACD-B950866D72BA}"
EndProject
Project("{FAE04EC0-301F-11D3-BF4B-00C04F79EFBC}") = "Sona", "Sona\Sona.csproj", "{7177C6E3-D6A8-474B-AB57-B4124749B573}"
EndProject
Project("{FAE04EC0-301F-11D3-BF4B-00C04F79EFBC}") = "Eve", "Eve\Eve.csproj", "{CC6CD2DD-A558-48EC-A74F-E0B9BDA29E87}"
EndProject
Project("{FAE04EC0-301F-11D3-BF4B-00C04F79EFBC}") = "Karthus", "Karthus\Karthus.csproj", "{9FA58D77-DCCE-4573-9F03-DBD8B983CFB5}"
EndProject
Project("{FAE04EC0-301F-11D3-BF4B-00C04F79EFBC}") = "Nami", "Nami\Nami.csproj", "{1D3DFEDA-ADFF-407C-A12C-BE35C0E2DCF7}"
EndProject
Project("{FAE04EC0-301F-11D3-BF4B-00C04F79EFBC}") = "Sivir", "Sivir\Sivir.csproj", "{93D3039D-6003-4BB0-AC02-30EB77387481}"
EndProject
Global
	GlobalSection(SolutionConfigurationPlatforms) = preSolution
		Debug|Any CPU = Debug|Any CPU
		Release|Any CPU = Release|Any CPU
	EndGlobalSection
	GlobalSection(ProjectConfigurationPlatforms) = postSolution
		{EC99A4D1-7393-4D36-9AFF-14AD9A2C873F}.Debug|Any CPU.ActiveCfg = Debug|Any CPU
		{EC99A4D1-7393-4D36-9AFF-14AD9A2C873F}.Debug|Any CPU.Build.0 = Debug|Any CPU
		{EC99A4D1-7393-4D36-9AFF-14AD9A2C873F}.Release|Any CPU.ActiveCfg = Release|Any CPU
		{EC99A4D1-7393-4D36-9AFF-14AD9A2C873F}.Release|Any CPU.Build.0 = Release|Any CPU
		{512F99F7-2C9A-4087-AACD-B950866D72BA}.Debug|Any CPU.ActiveCfg = Debug|Any CPU
		{512F99F7-2C9A-4087-AACD-B950866D72BA}.Debug|Any CPU.Build.0 = Debug|Any CPU
		{512F99F7-2C9A-4087-AACD-B950866D72BA}.Release|Any CPU.ActiveCfg = Release|Any CPU
		{512F99F7-2C9A-4087-AACD-B950866D72BA}.Release|Any CPU.Build.0 = Release|Any CPU
		{7177C6E3-D6A8-474B-AB57-B4124749B573}.Debug|Any CPU.ActiveCfg = Debug|Any CPU
		{7177C6E3-D6A8-474B-AB57-B4124749B573}.Debug|Any CPU.Build.0 = Debug|Any CPU
		{7177C6E3-D6A8-474B-AB57-B4124749B573}.Release|Any CPU.ActiveCfg = Release|Any CPU
		{7177C6E3-D6A8-474B-AB57-B4124749B573}.Release|Any CPU.Build.0 = Release|Any CPU
		{CC6CD2DD-A558-48EC-A74F-E0B9BDA29E87}.Debug|Any CPU.ActiveCfg = Debug|Any CPU
		{CC6CD2DD-A558-48EC-A74F-E0B9BDA29E87}.Debug|Any CPU.Build.0 = Debug|Any CPU
		{CC6CD2DD-A558-48EC-A74F-E0B9BDA29E87}.Release|Any CPU.ActiveCfg = Release|Any CPU
		{CC6CD2DD-A558-48EC-A74F-E0B9BDA29E87}.Release|Any CPU.Build.0 = Release|Any CPU
		{9FA58D77-DCCE-4573-9F03-DBD8B983CFB5}.Debug|Any CPU.ActiveCfg = Debug|Any CPU
		{9FA58D77-DCCE-4573-9F03-DBD8B983CFB5}.Debug|Any CPU.Build.0 = Debug|Any CPU
		{9FA58D77-DCCE-4573-9F03-DBD8B983CFB5}.Release|Any CPU.ActiveCfg = Release|Any CPU
		{9FA58D77-DCCE-4573-9F03-DBD8B983CFB5}.Release|Any CPU.Build.0 = Release|Any CPU
		{1D3DFEDA-ADFF-407C-A12C-BE35C0E2DCF7}.Debug|Any CPU.ActiveCfg = Debug|Any CPU
		{1D3DFEDA-ADFF-407C-A12C-BE35C0E2DCF7}.Debug|Any CPU.Build.0 = Debug|Any CPU
		{1D3DFEDA-ADFF-407C-A12C-BE35C0E2DCF7}.Release|Any CPU.ActiveCfg = Release|Any CPU
		{1D3DFEDA-ADFF-407C-A12C-BE35C0E2DCF7}.Release|Any CPU.Build.0 = Release|Any CPU
		{93D3039D-6003-4BB0-AC02-30EB77387481}.Debug|Any CPU.ActiveCfg = Debug|Any CPU
		{93D3039D-6003-4BB0-AC02-30EB77387481}.Debug|Any CPU.Build.0 = Debug|Any CPU
		{93D3039D-6003-4BB0-AC02-30EB77387481}.Release|Any CPU.ActiveCfg = Release|Any CPU
		{93D3039D-6003-4BB0-AC02-30EB77387481}.Release|Any CPU.Build.0 = Release|Any CPU
	EndGlobalSection
	GlobalSection(SolutionProperties) = preSolution
		HideSolutionNode = FALSE
	EndGlobalSection
EndGlobal
